
Microsoft Visual Studio Solution File, Format Version 12.00
# Visual Studio Version 17
VisualStudioVersion = 17.1.32319.34
MinimumVisualStudioVersion = 10.0.40219.1
Project("{FAE04EC0-301F-11D3-BF4B-00C04F79EFBC}") = "kategorijaVozila", "kategorijaVozila.csproj", "{839743E6-C196-4CF0-8C31-AAFAA24C26BE}"
EndProject
Global
	GlobalSection(SolutionConfigurationPlatforms) = preSolution
		Debug|Any CPU = Debug|Any CPU
		Release|Any CPU = Release|Any CPU
	EndGlobalSection
	GlobalSection(ProjectConfigurationPlatforms) = postSolution
		{839743E6-C196-4CF0-8C31-AAFAA24C26BE}.Debug|Any CPU.ActiveCfg = Debug|Any CPU
		{839743E6-C196-4CF0-8C31-AAFAA24C26BE}.Debug|Any CPU.Build.0 = Debug|Any CPU
		{839743E6-C196-4CF0-8C31-AAFAA24C26BE}.Release|Any CPU.ActiveCfg = Release|Any CPU
		{839743E6-C196-4CF0-8C31-AAFAA24C26BE}.Release|Any CPU.Build.0 = Release|Any CPU
	EndGlobalSection
	GlobalSection(SolutionProperties) = preSolution
		HideSolutionNode = FALSE
	EndGlobalSection
	GlobalSection(ExtensibilityGlobals) = postSolution
		SolutionGuid = {18EBCD4E-6002-4CB9-8EA9-8870A7E20AF1}
	EndGlobalSection
EndGlobal
